
Microsoft Visual Studio Solution File, Format Version 11.00
# Visual Web Developer Express 2010
Project("{E24C65DC-7377-472B-9ABA-BC803B73C61A}") = "גיבורי על", "F:\ברק תיקון\גיבורי על\", "{2CC194B8-1778-40D5-933D-9C27BF89E55F}"
	ProjectSection(WebsiteProperties) = preProject
		TargetFrameworkMoniker = ".NETFramework,Version%3Dv4.0"
		Debug.AspNetCompiler.VirtualPath = "/גיבורי על"
		Debug.AspNetCompiler.PhysicalPath = "..\גיבורי על\"
		Debug.AspNetCompiler.TargetPath = "PrecompiledWeb\גיבורי על\"
		Debug.AspNetCompiler.Updateable = "true"
		Debug.AspNetCompiler.ForceOverwrite = "true"
		Debug.AspNetCompiler.FixedNames = "false"
		Debug.AspNetCompiler.Debug = "True"
		Release.AspNetCompiler.VirtualPath = "/גיבורי על"
		Release.AspNetCompiler.PhysicalPath = "..\גיבורי על\"
		Release.AspNetCompiler.TargetPath = "PrecompiledWeb\גיבורי על\"
		Release.AspNetCompiler.Updateable = "true"
		Release.AspNetCompiler.ForceOverwrite = "true"
		Release.AspNetCompiler.FixedNames = "false"
		Release.AspNetCompiler.Debug = "False"
		VWDPort = "1475"
	EndProjectSection
EndProject
Global
	GlobalSection(SolutionConfigurationPlatforms) = preSolution
		Debug|Any CPU = Debug|Any CPU
	EndGlobalSection
	GlobalSection(ProjectConfigurationPlatforms) = postSolution
		{2CC194B8-1778-40D5-933D-9C27BF89E55F}.Debug|Any CPU.ActiveCfg = Debug|Any CPU
		{2CC194B8-1778-40D5-933D-9C27BF89E55F}.Debug|Any CPU.Build.0 = Debug|Any CPU
	EndGlobalSection
	GlobalSection(SolutionProperties) = preSolution
		HideSolutionNode = FALSE
	EndGlobalSection
EndGlobal
